
Microsoft Visual Studio Solution File, Format Version 12.00
# Visual Studio Version 17
VisualStudioVersion = 17.9.34728.123
MinimumVisualStudioVersion = 10.0.40219.1
Project("{FAE04EC0-301F-11D3-BF4B-00C04F79EFBC}") = "Amdaris.Internship.Api", "Amdaris.Internship.Api\Amdaris.Internship.Api.csproj", "{6E4B16D9-8236-4E36-8B00-545C9CE9BF8C}"
EndProject
Project("{2150E333-8FDC-42A3-9474-1A3956D46DE8}") = "Src", "Src", "{1CEA9066-7C44-4522-B346-5541D319BEB8}"
EndProject
Project("{FAE04EC0-301F-11D3-BF4B-00C04F79EFBC}") = "Amdaris.Internship.Domain", "Amdaris.Internship.Domain\Amdaris.Internship.Domain.csproj", "{6C34EC21-D16C-43A9-8017-637A8193CD12}"
EndProject
Project("{FAE04EC0-301F-11D3-BF4B-00C04F79EFBC}") = "Amdaris.Internship.Data", "Amdaris.Internship.Data\Amdaris.Internship.Data.csproj", "{9DD17336-A5C7-4D98-A6F0-7473113B181C}"
EndProject
Global
	GlobalSection(SolutionConfigurationPlatforms) = preSolution
		Debug|Any CPU = Debug|Any CPU
		Release|Any CPU = Release|Any CPU
	EndGlobalSection
	GlobalSection(ProjectConfigurationPlatforms) = postSolution
		{6E4B16D9-8236-4E36-8B00-545C9CE9BF8C}.Debug|Any CPU.ActiveCfg = Debug|Any CPU
		{6E4B16D9-8236-4E36-8B00-545C9CE9BF8C}.Debug|Any CPU.Build.0 = Debug|Any CPU
		{6E4B16D9-8236-4E36-8B00-545C9CE9BF8C}.Release|Any CPU.ActiveCfg = Release|Any CPU
		{6E4B16D9-8236-4E36-8B00-545C9CE9BF8C}.Release|Any CPU.Build.0 = Release|Any CPU
		{6C34EC21-D16C-43A9-8017-637A8193CD12}.Debug|Any CPU.ActiveCfg = Debug|Any CPU
		{6C34EC21-D16C-43A9-8017-637A8193CD12}.Debug|Any CPU.Build.0 = Debug|Any CPU
		{6C34EC21-D16C-43A9-8017-637A8193CD12}.Release|Any CPU.ActiveCfg = Release|Any CPU
		{6C34EC21-D16C-43A9-8017-637A8193CD12}.Release|Any CPU.Build.0 = Release|Any CPU
		{9DD17336-A5C7-4D98-A6F0-7473113B181C}.Debug|Any CPU.ActiveCfg = Debug|Any CPU
		{9DD17336-A5C7-4D98-A6F0-7473113B181C}.Debug|Any CPU.Build.0 = Debug|Any CPU
		{9DD17336-A5C7-4D98-A6F0-7473113B181C}.Release|Any CPU.ActiveCfg = Release|Any CPU
		{9DD17336-A5C7-4D98-A6F0-7473113B181C}.Release|Any CPU.Build.0 = Release|Any CPU
	EndGlobalSection
	GlobalSection(SolutionProperties) = preSolution
		HideSolutionNode = FALSE
	EndGlobalSection
	GlobalSection(NestedProjects) = preSolution
		{6C34EC21-D16C-43A9-8017-637A8193CD12} = {1CEA9066-7C44-4522-B346-5541D319BEB8}
		{9DD17336-A5C7-4D98-A6F0-7473113B181C} = {1CEA9066-7C44-4522-B346-5541D319BEB8}
	EndGlobalSection
	GlobalSection(ExtensibilityGlobals) = postSolution
		SolutionGuid = {96C77C16-BDD2-47E8-8F54-96DA1C155E4B}
	EndGlobalSection
EndGlobal
